// !$*UTF8*$!
{
	archiveVersion = 1;
	classes = {
	};
	objectVersion = 46;
	objects = {

/* Begin PBXBuildFile section */
		0A3A69091B0E85150080CB51 /* Main.storyboard in Resources */ = {isa = PBXBuildFile; fileRef = 0A3A69081B0E85150080CB51 /* Main.storyboard */; };
		0A3A690C1B0E85860080CB51 /* AppDelegate.swift in Sources */ = {isa = PBXBuildFile; fileRef = 0A3A690B1B0E85860080CB51 /* AppDelegate.swift */; };
		0A3A691E1B0E85A90080CB51 /* StartViewController.swift in Sources */ = {isa = PBXBuildFile; fileRef = 0A3A690D1B0E85A90080CB51 /* StartViewController.swift */; };
		0A3A691F1B0E85A90080CB51 /* GameViewController.swift in Sources */ = {isa = PBXBuildFile; fileRef = 0A3A690E1B0E85A90080CB51 /* GameViewController.swift */; };
		0A3A69201B0E85A90080CB51 /* ClassicGameViewController.swift in Sources */ = {isa = PBXBuildFile; fileRef = 0A3A690F1B0E85A90080CB51 /* ClassicGameViewController.swift */; };
		0A3A69211B0E85A90080CB51 /* HomeViewController.swift in Sources */ = {isa = PBXBuildFile; fileRef = 0A3A69101B0E85A90080CB51 /* HomeViewController.swift */; };
		0A3A69221B0E85A90080CB51 /* GameScene.swift in Sources */ = {isa = PBXBuildFile; fileRef = 0A3A69111B0E85A90080CB51 /* GameScene.swift */; };
		0A3A69231B0E85A90080CB51 /* Array2D.swift in Sources */ = {isa = PBXBuildFile; fileRef = 0A3A69121B0E85A90080CB51 /* Array2D.swift */; };
		0A3A69241B0E85A90080CB51 /* block.swift in Sources */ = {isa = PBXBuildFile; fileRef = 0A3A69131B0E85A90080CB51 /* block.swift */; };
		0A3A69251B0E85A90080CB51 /* Shape.swift in Sources */ = {isa = PBXBuildFile; fileRef = 0A3A69141B0E85A90080CB51 /* Shape.swift */; };
		0A3A69261B0E85A90080CB51 /* JShape.swift in Sources */ = {isa = PBXBuildFile; fileRef = 0A3A69151B0E85A90080CB51 /* JShape.swift */; };
		0A3A69271B0E85A90080CB51 /* LShape.swift in Sources */ = {isa = PBXBuildFile; fileRef = 0A3A69161B0E85A90080CB51 /* LShape.swift */; };
		0A3A69281B0E85A90080CB51 /* ZShape.swift in Sources */ = {isa = PBXBuildFile; fileRef = 0A3A69171B0E85A90080CB51 /* ZShape.swift */; };
		0A3A69291B0E85A90080CB51 /* SShape.swift in Sources */ = {isa = PBXBuildFile; fileRef = 0A3A69181B0E85A90080CB51 /* SShape.swift */; };
		0A3A692A1B0E85A90080CB51 /* LineShape.swift in Sources */ = {isa = PBXBuildFile; fileRef = 0A3A69191B0E85A90080CB51 /* LineShape.swift */; };
		0A3A692B1B0E85A90080CB51 /* TShape.swift in Sources */ = {isa = PBXBuildFile; fileRef = 0A3A691A1B0E85A90080CB51 /* TShape.swift */; };
		0A3A692C1B0E85A90080CB51 /* SquareShape.swift in Sources */ = {isa = PBXBuildFile; fileRef = 0A3A691B1B0E85A90080CB51 /* SquareShape.swift */; };
		0A3A692D1B0E85A90080CB51 /* Swiftris.swift in Sources */ = {isa = PBXBuildFile; fileRef = 0A3A691C1B0E85A90080CB51 /* Swiftris.swift */; };
		0A3A692E1B0E85A90080CB51 /* Overlay.swift in Sources */ = {isa = PBXBuildFile; fileRef = 0A3A691D1B0E85A90080CB51 /* Overlay.swift */; };
		0A3A69321B0E85C30080CB51 /* Images.xcassets in Resources */ = {isa = PBXBuildFile; fileRef = 0A3A692F1B0E85C30080CB51 /* Images.xcassets */; };
		0A3A69331B0E85C30080CB51 /* pause.png in Resources */ = {isa = PBXBuildFile; fileRef = 0A3A69301B0E85C30080CB51 /* pause.png */; };
		0A3A69341B0E85C30080CB51 /* play.png in Resources */ = {isa = PBXBuildFile; fileRef = 0A3A69311B0E85C30080CB51 /* play.png */; };
		0A3A69361B0E85EA0080CB51 /* LaunchScreen.xib in Resources */ = {isa = PBXBuildFile; fileRef = 0A3A69351B0E85EA0080CB51 /* LaunchScreen.xib */; };
		0A3A69381B0E86060080CB51 /* Sprites.atlas in Resources */ = {isa = PBXBuildFile; fileRef = 0A3A69371B0E86060080CB51 /* Sprites.atlas */; };
		0A3A693B1B0E86AF0080CB51 /* bomb.mp3 in Resources */ = {isa = PBXBuildFile; fileRef = 0A3A693A1B0E86AF0080CB51 /* bomb.mp3 */; };
		0A3A69401B0E86B80080CB51 /* drop.mp3 in Resources */ = {isa = PBXBuildFile; fileRef = 0A3A693C1B0E86B80080CB51 /* drop.mp3 */; };
		0A3A69411B0E86B80080CB51 /* gameover.mp3 in Resources */ = {isa = PBXBuildFile; fileRef = 0A3A693D1B0E86B80080CB51 /* gameover.mp3 */; };
		0A3A69421B0E86B80080CB51 /* levelup.mp3 in Resources */ = {isa = PBXBuildFile; fileRef = 0A3A693E1B0E86B80080CB51 /* levelup.mp3 */; };
		0A3A69431B0E86B80080CB51 /* theme.mp3 in Resources */ = {isa = PBXBuildFile; fileRef = 0A3A693F1B0E86B80080CB51 /* theme.mp3 */; };
		0A3A69461B0E86E90080CB51 /* SwiftrisTests.swift in Sources */ = {isa = PBXBuildFile; fileRef = 0A3A69451B0E86E90080CB51 /* SwiftrisTests.swift */; };
		0A3A69481B0E87660080CB51 /* GameKit.framework in Frameworks */ = {isa = PBXBuildFile; fileRef = 0A3A69471B0E87660080CB51 /* GameKit.framework */; };
/* End PBXBuildFile section */

/* Begin PBXContainerItemProxy section */
		0A3A68F91B0E84580080CB51 /* PBXContainerItemProxy */ = {
			isa = PBXContainerItemProxy;
			containerPortal = 0A3A68D71B0E84580080CB51 /* Project object */;
			proxyType = 1;
			remoteGlobalIDString = 0A3A68DE1B0E84580080CB51;
			remoteInfo = Swiftris;
		};
/* End PBXContainerItemProxy section */

/* Begin PBXFileReference section */
		0A3A68DF1B0E84580080CB51 /* Swiftris.app */ = {isa = PBXFileReference; explicitFileType = wrapper.application; includeInIndex = 0; path = Swiftris.app; sourceTree = BUILT_PRODUCTS_DIR; };
		0A3A68E31B0E84580080CB51 /* Info.plist */ = {isa = PBXFileReference; lastKnownFileType = text.plist.xml; path = Info.plist; sourceTree = "<group>"; };
		0A3A68F81B0E84580080CB51 /* SwiftrisTests.xctest */ = {isa = PBXFileReference; explicitFileType = wrapper.cfbundle; includeInIndex = 0; path = SwiftrisTests.xctest; sourceTree = BUILT_PRODUCTS_DIR; };
		0A3A68FD1B0E84580080CB51 /* Info.plist */ = {isa = PBXFileReference; lastKnownFileType = text.plist.xml; path = Info.plist; sourceTree = "<group>"; };
		0A3A69081B0E85150080CB51 /* Main.storyboard */ = {isa = PBXFileReference; fileEncoding = 4; lastKnownFileType = file.storyboard; path = Main.storyboard; sourceTree = "<group>"; };
		0A3A690A1B0E85850080CB51 /* Swiftris-Bridging-Header.h */ = {isa = PBXFileReference; lastKnownFileType = sourcecode.c.h; path = "Swiftris-Bridging-Header.h"; sourceTree = "<group>"; };
		0A3A690B1B0E85860080CB51 /* AppDelegate.swift */ = {isa = PBXFileReference; fileEncoding = 4; lastKnownFileType = sourcecode.swift; path = AppDelegate.swift; sourceTree = "<group>"; };
		0A3A690D1B0E85A90080CB51 /* StartViewController.swift */ = {isa = PBXFileReference; fileEncoding = 4; lastKnownFileType = sourcecode.swift; path = StartViewController.swift; sourceTree = "<group>"; };
		0A3A690E1B0E85A90080CB51 /* GameViewController.swift */ = {isa = PBXFileReference; fileEncoding = 4; lastKnownFileType = sourcecode.swift; path = GameViewController.swift; sourceTree = "<group>"; };
		0A3A690F1B0E85A90080CB51 /* ClassicGameViewController.swift */ = {isa = PBXFileReference; fileEncoding = 4; lastKnownFileType = sourcecode.swift; path = ClassicGameViewController.swift; sourceTree = "<group>"; };
		0A3A69101B0E85A90080CB51 /* HomeViewController.swift */ = {isa = PBXFileReference; fileEncoding = 4; lastKnownFileType = sourcecode.swift; path = HomeViewController.swift; sourceTree = "<group>"; };
		0A3A69111B0E85A90080CB51 /* GameScene.swift */ = {isa = PBXFileReference; fileEncoding = 4; lastKnownFileType = sourcecode.swift; path = GameScene.swift; sourceTree = "<group>"; };
		0A3A69121B0E85A90080CB51 /* Array2D.swift */ = {isa = PBXFileReference; fileEncoding = 4; lastKnownFileType = sourcecode.swift; path = Array2D.swift; sourceTree = "<group>"; };
		0A3A69131B0E85A90080CB51 /* block.swift */ = {isa = PBXFileReference; fileEncoding = 4; lastKnownFileType = sourcecode.swift; path = block.swift; sourceTree = "<group>"; };
		0A3A69141B0E85A90080CB51 /* Shape.swift */ = {isa = PBXFileReference; fileEncoding = 4; lastKnownFileType = sourcecode.swift; path = Shape.swift; sourceTree = "<group>"; };
		0A3A69151B0E85A90080CB51 /* JShape.swift */ = {isa = PBXFileReference; fileEncoding = 4; lastKnownFileType = sourcecode.swift; path = JShape.swift; sourceTree = "<group>"; };
		0A3A69161B0E85A90080CB51 /* LShape.swift */ = {isa = PBXFileReference; fileEncoding = 4; lastKnownFileType = sourcecode.swift; path = LShape.swift; sourceTree = "<group>"; };
		0A3A69171B0E85A90080CB51 /* ZShape.swift */ = {isa = PBXFileReference; fileEncoding = 4; lastKnownFileType = sourcecode.swift; path = ZShape.swift; sourceTree = "<group>"; };
		0A3A69181B0E85A90080CB51 /* SShape.swift */ = {isa = PBXFileReference; fileEncoding = 4; lastKnownFileType = sourcecode.swift; path = SShape.swift; sourceTree = "<group>"; };
		0A3A69191B0E85A90080CB51 /* LineShape.swift */ = {isa = PBXFileReference; fileEncoding = 4; lastKnownFileType = sourcecode.swift; path = LineShape.swift; sourceTree = "<group>"; };
		0A3A691A1B0E85A90080CB51 /* TShape.swift */ = {isa = PBXFileReference; fileEncoding = 4; lastKnownFileType = sourcecode.swift; path = TShape.swift; sourceTree = "<group>"; };
		0A3A691B1B0E85A90080CB51 /* SquareShape.swift */ = {isa = PBXFileReference; fileEncoding = 4; lastKnownFileType = sourcecode.swift; path = SquareShape.swift; sourceTree = "<group>"; };
		0A3A691C1B0E85A90080CB51 /* Swiftris.swift */ = {isa = PBXFileReference; fileEncoding = 4; lastKnownFileType = sourcecode.swift; path = Swiftris.swift; sourceTree = "<group>"; };
		0A3A691D1B0E85A90080CB51 /* Overlay.swift */ = {isa = PBXFileReference; fileEncoding = 4; lastKnownFileType = sourcecode.swift; path = Overlay.swift; sourceTree = "<group>"; };
		0A3A692F1B0E85C30080CB51 /* Images.xcassets */ = {isa = PBXFileReference; lastKnownFileType = folder.assetcatalog; path = Images.xcassets; sourceTree = "<group>"; };
		0A3A69301B0E85C30080CB51 /* pause.png */ = {isa = PBXFileReference; lastKnownFileType = image.png; path = pause.png; sourceTree = "<group>"; };
		0A3A69311B0E85C30080CB51 /* play.png */ = {isa = PBXFileReference; lastKnownFileType = image.png; path = play.png; sourceTree = "<group>"; };
		0A3A69351B0E85EA0080CB51 /* LaunchScreen.xib */ = {isa = PBXFileReference; fileEncoding = 4; lastKnownFileType = file.xib; path = LaunchScreen.xib; sourceTree = "<group>"; };
		0A3A69371B0E86060080CB51 /* Sprites.atlas */ = {isa = PBXFileReference; lastKnownFileType = folder.skatlas; path = Sprites.atlas; sourceTree = "<group>"; };
		0A3A693A1B0E86AF0080CB51 /* bomb.mp3 */ = {isa = PBXFileReference; lastKnownFileType = audio.mp3; path = bomb.mp3; sourceTree = "<group>"; };
		0A3A693C1B0E86B80080CB51 /* drop.mp3 */ = {isa = PBXFileReference; lastKnownFileType = audio.mp3; path = drop.mp3; sourceTree = "<group>"; };
		0A3A693D1B0E86B80080CB51 /* gameover.mp3 */ = {isa = PBXFileReference; lastKnownFileType = audio.mp3; path = gameover.mp3; sourceTree = "<group>"; };
		0A3A693E1B0E86B80080CB51 /* levelup.mp3 */ = {isa = PBXFileReference; lastKnownFileType = audio.mp3; path = levelup.mp3; sourceTree = "<group>"; };
		0A3A693F1B0E86B80080CB51 /* theme.mp3 */ = {isa = PBXFileReference; lastKnownFileType = audio.mp3; path = theme.mp3; sourceTree = "<group>"; };
		0A3A69441B0E86E80080CB51 /* SwiftrisTests-Bridging-Header.h */ = {isa = PBXFileReference; lastKnownFileType = sourcecode.c.h; path = "SwiftrisTests-Bridging-Header.h"; sourceTree = "<group>"; };
		0A3A69451B0E86E90080CB51 /* SwiftrisTests.swift */ = {isa = PBXFileReference; fileEncoding = 4; lastKnownFileType = sourcecode.swift; path = SwiftrisTests.swift; sourceTree = "<group>"; };
		0A3A69471B0E87660080CB51 /* GameKit.framework */ = {isa = PBXFileReference; lastKnownFileType = wrapper.framework; path = GameKit.framework; sourceTree = "<group>"; };
/* End PBXFileReference section */

/* Begin PBXFrameworksBuildPhase section */
		0A3A68DC1B0E84580080CB51 /* Frameworks */ = {
			isa = PBXFrameworksBuildPhase;
			buildActionMask = 2147483647;
			files = (
			);
			runOnlyForDeploymentPostprocessing = 0;
		};
		0A3A68F51B0E84580080CB51 /* Frameworks */ = {
			isa = PBXFrameworksBuildPhase;
			buildActionMask = 2147483647;
			files = (
				0A3A69481B0E87660080CB51 /* GameKit.framework in Frameworks */,
			);
			runOnlyForDeploymentPostprocessing = 0;
		};
/* End PBXFrameworksBuildPhase section */

/* Begin PBXGroup section */
		0A3A68D61B0E84580080CB51 = {
			isa = PBXGroup;
			children = (
				0A3A69471B0E87660080CB51 /* GameKit.framework */,
				0A3A68E11B0E84580080CB51 /* Swiftris */,
				0A3A68FB1B0E84580080CB51 /* SwiftrisTests */,
				0A3A68E01B0E84580080CB51 /* Products */,
			);
			sourceTree = "<group>";
		};
		0A3A68E01B0E84580080CB51 /* Products */ = {
			isa = PBXGroup;
			children = (
				0A3A68DF1B0E84580080CB51 /* Swiftris.app */,
				0A3A68F81B0E84580080CB51 /* SwiftrisTests.xctest */,
			);
			name = Products;
			sourceTree = "<group>";
		};
		0A3A68E11B0E84580080CB51 /* Swiftris */ = {
			isa = PBXGroup;
			children = (
				0A3A69081B0E85150080CB51 /* Main.storyboard */,
				0A3A690D1B0E85A90080CB51 /* StartViewController.swift */,
				0A3A690E1B0E85A90080CB51 /* GameViewController.swift */,
				0A3A690F1B0E85A90080CB51 /* ClassicGameViewController.swift */,
				0A3A69101B0E85A90080CB51 /* HomeViewController.swift */,
				0A3A69111B0E85A90080CB51 /* GameScene.swift */,
				0A3A69121B0E85A90080CB51 /* Array2D.swift */,
				0A3A69131B0E85A90080CB51 /* block.swift */,
				0A3A69141B0E85A90080CB51 /* Shape.swift */,
				0A3A69151B0E85A90080CB51 /* JShape.swift */,
				0A3A69161B0E85A90080CB51 /* LShape.swift */,
				0A3A69171B0E85A90080CB51 /* ZShape.swift */,
				0A3A69181B0E85A90080CB51 /* SShape.swift */,
				0A3A69191B0E85A90080CB51 /* LineShape.swift */,
				0A3A691A1B0E85A90080CB51 /* TShape.swift */,
				0A3A691B1B0E85A90080CB51 /* SquareShape.swift */,
				0A3A691C1B0E85A90080CB51 /* Swiftris.swift */,
				0A3A691D1B0E85A90080CB51 /* Overlay.swift */,
				0A3A690B1B0E85860080CB51 /* AppDelegate.swift */,
				0A3A692F1B0E85C30080CB51 /* Images.xcassets */,
				0A3A69301B0E85C30080CB51 /* pause.png */,
				0A3A69311B0E85C30080CB51 /* play.png */,
				0A3A69351B0E85EA0080CB51 /* LaunchScreen.xib */,
				0A3A69371B0E86060080CB51 /* Sprites.atlas */,
				0A3A69391B0E868D0080CB51 /* Sounds */,
				0A3A68E21B0E84580080CB51 /* Supporting Files */,
				0A3A690A1B0E85850080CB51 /* Swiftris-Bridging-Header.h */,
			);
			path = Swiftris;
			sourceTree = "<group>";
		};
		0A3A68E21B0E84580080CB51 /* Supporting Files */ = {
			isa = PBXGroup;
			children = (
				0A3A68E31B0E84580080CB51 /* Info.plist */,
			);
			name = "Supporting Files";
			sourceTree = "<group>";
		};
		0A3A68FB1B0E84580080CB51 /* SwiftrisTests */ = {
			isa = PBXGroup;
			children = (
				0A3A69451B0E86E90080CB51 /* SwiftrisTests.swift */,
				0A3A68FC1B0E84580080CB51 /* Supporting Files */,
				0A3A69441B0E86E80080CB51 /* SwiftrisTests-Bridging-Header.h */,
			);
			path = SwiftrisTests;
			sourceTree = "<group>";
		};
		0A3A68FC1B0E84580080CB51 /* Supporting Files */ = {
			isa = PBXGroup;
			children = (
				0A3A68FD1B0E84580080CB51 /* Info.plist */,
			);
			name = "Supporting Files";
			sourceTree = "<group>";
		};
		0A3A69391B0E868D0080CB51 /* Sounds */ = {
			isa = PBXGroup;
			children = (
				0A3A693A1B0E86AF0080CB51 /* bomb.mp3 */,
				0A3A693C1B0E86B80080CB51 /* drop.mp3 */,
				0A3A693D1B0E86B80080CB51 /* gameover.mp3 */,
				0A3A693E1B0E86B80080CB51 /* levelup.mp3 */,
				0A3A693F1B0E86B80080CB51 /* theme.mp3 */,
			);
			name = Sounds;
			sourceTree = "<group>";
		};
/* End PBXGroup section */

/* Begin PBXNativeTarget section */
		0A3A68DE1B0E84580080CB51 /* Swiftris */ = {
			isa = PBXNativeTarget;
			buildConfigurationList = 0A3A69021B0E84580080CB51 /* Build configuration list for PBXNativeTarget "Swiftris" */;
			buildPhases = (
				0A3A68DB1B0E84580080CB51 /* Sources */,
				0A3A68DC1B0E84580080CB51 /* Frameworks */,
				0A3A68DD1B0E84580080CB51 /* Resources */,
			);
			buildRules = (
			);
			dependencies = (
			);
			name = Swiftris;
			productName = Swiftris;
			productReference = 0A3A68DF1B0E84580080CB51 /* Swiftris.app */;
			productType = "com.apple.product-type.application";
		};
		0A3A68F71B0E84580080CB51 /* SwiftrisTests */ = {
			isa = PBXNativeTarget;
			buildConfigurationList = 0A3A69051B0E84580080CB51 /* Build configuration list for PBXNativeTarget "SwiftrisTests" */;
			buildPhases = (
				0A3A68F41B0E84580080CB51 /* Sources */,
				0A3A68F51B0E84580080CB51 /* Frameworks */,
				0A3A68F61B0E84580080CB51 /* Resources */,
			);
			buildRules = (
			);
			dependencies = (
				0A3A68FA1B0E84580080CB51 /* PBXTargetDependency */,
			);
			name = SwiftrisTests;
			productName = SwiftrisTests;
			productReference = 0A3A68F81B0E84580080CB51 /* SwiftrisTests.xctest */;
			productType = "com.apple.product-type.bundle.unit-test";
		};
/* End PBXNativeTarget section */

/* Begin PBXProject section */
		0A3A68D71B0E84580080CB51 /* Project object */ = {
			isa = PBXProject;
			attributes = {
				LastUpgradeCheck = 0630;
				ORGANIZATIONNAME = Amanda;
				TargetAttributes = {
					0A3A68DE1B0E84580080CB51 = {
						CreatedOnToolsVersion = 6.3.2;
					};
					0A3A68F71B0E84580080CB51 = {
						CreatedOnToolsVersion = 6.3.2;
						TestTargetID = 0A3A68DE1B0E84580080CB51;
					};
				};
			};
			buildConfigurationList = 0A3A68DA1B0E84580080CB51 /* Build configuration list for PBXProject "Swiftris" */;
			compatibilityVersion = "Xcode 3.2";
			developmentRegion = English;
			hasScannedForEncodings = 0;
			knownRegions = (
				en,
				Base,
			);
			mainGroup = 0A3A68D61B0E84580080CB51;
			productRefGroup = 0A3A68E01B0E84580080CB51 /* Products */;
			projectDirPath = "";
			projectRoot = "";
			targets = (
				0A3A68DE1B0E84580080CB51 /* Swiftris */,
				0A3A68F71B0E84580080CB51 /* SwiftrisTests */,
			);
		};
/* End PBXProject section */

/* Begin PBXResourcesBuildPhase section */
		0A3A68DD1B0E84580080CB51 /* Resources */ = {
			isa = PBXResourcesBuildPhase;
			buildActionMask = 2147483647;
			files = (
				0A3A69381B0E86060080CB51 /* Sprites.atlas in Resources */,
				0A3A69361B0E85EA0080CB51 /* LaunchScreen.xib in Resources */,
				0A3A69421B0E86B80080CB51 /* levelup.mp3 in Resources */,
				0A3A69431B0E86B80080CB51 /* theme.mp3 in Resources */,
				0A3A69091B0E85150080CB51 /* Main.storyboard in Resources */,
				0A3A69401B0E86B80080CB51 /* drop.mp3 in Resources */,
				0A3A693B1B0E86AF0080CB51 /* bomb.mp3 in Resources */,
				0A3A69341B0E85C30080CB51 /* play.png in Resources */,
				0A3A69321B0E85C30080CB51 /* Images.xcassets in Resources */,
				0A3A69331B0E85C30080CB51 /* pause.png in Resources */,
				0A3A69411B0E86B80080CB51 /* gameover.mp3 in Resources */,
			);
			runOnlyForDeploymentPostprocessing = 0;
		};
		0A3A68F61B0E84580080CB51 /* Resources */ = {
			isa = PBXResourcesBuildPhase;
			buildActionMask = 2147483647;
			files = (
			);
			runOnlyForDeploymentPostprocessing = 0;
		};
/* End PBXResourcesBuildPhase section */

/* Begin PBXSourcesBuildPhase section */
		0A3A68DB1B0E84580080CB51 /* Sources */ = {
			isa = PBXSourcesBuildPhase;
			buildActionMask = 2147483647;
			files = (
				0A3A69231B0E85A90080CB51 /* Array2D.swift in Sources */,
				0A3A69241B0E85A90080CB51 /* block.swift in Sources */,
				0A3A69261B0E85A90080CB51 /* JShape.swift in Sources */,
				0A3A69221B0E85A90080CB51 /* GameScene.swift in Sources */,
				0A3A69291B0E85A90080CB51 /* SShape.swift in Sources */,
				0A3A692D1B0E85A90080CB51 /* Swiftris.swift in Sources */,
				0A3A69211B0E85A90080CB51 /* HomeViewController.swift in Sources */,
				0A3A69251B0E85A90080CB51 /* Shape.swift in Sources */,
				0A3A69281B0E85A90080CB51 /* ZShape.swift in Sources */,
				0A3A69271B0E85A90080CB51 /* LShape.swift in Sources */,
				0A3A692E1B0E85A90080CB51 /* Overlay.swift in Sources */,
				0A3A692B1B0E85A90080CB51 /* TShape.swift in Sources */,
				0A3A690C1B0E85860080CB51 /* AppDelegate.swift in Sources */,
				0A3A69201B0E85A90080CB51 /* ClassicGameViewController.swift in Sources */,
				0A3A691F1B0E85A90080CB51 /* GameViewController.swift in Sources */,
				0A3A691E1B0E85A90080CB51 /* StartViewController.swift in Sources */,
				0A3A692C1B0E85A90080CB51 /* SquareShape.swift in Sources */,
				0A3A692A1B0E85A90080CB51 /* LineShape.swift in Sources */,
			);
			runOnlyForDeploymentPostprocessing = 0;
		};
		0A3A68F41B0E84580080CB51 /* Sources */ = {
			isa = PBXSourcesBuildPhase;
			buildActionMask = 2147483647;
			files = (
				0A3A69461B0E86E90080CB51 /* SwiftrisTests.swift in Sources */,
			);
			runOnlyForDeploymentPostprocessing = 0;
		};
/* End PBXSourcesBuildPhase section */

/* Begin PBXTargetDependency section */
		0A3A68FA1B0E84580080CB51 /* PBXTargetDependency */ = {
			isa = PBXTargetDependency;
			target = 0A3A68DE1B0E84580080CB51 /* Swiftris */;
			targetProxy = 0A3A68F91B0E84580080CB51 /* PBXContainerItemProxy */;
		};
/* End PBXTargetDependency section */

/* Begin XCBuildConfiguration section */
		0A3A69001B0E84580080CB51 /* Debug */ = {
			isa = XCBuildConfiguration;
			buildSettings = {
				ALWAYS_SEARCH_USER_PATHS = NO;
				CLANG_CXX_LANGUAGE_STANDARD = "gnu++0x";
				CLANG_CXX_LIBRARY = "libc++";
				CLANG_ENABLE_MODULES = YES;
				CLANG_ENABLE_OBJC_ARC = YES;
				CLANG_WARN_BOOL_CONVERSION = YES;
				CLANG_WARN_CONSTANT_CONVERSION = YES;
				CLANG_WARN_DIRECT_OBJC_ISA_USAGE = YES_ERROR;
				CLANG_WARN_EMPTY_BODY = YES;
				CLANG_WARN_ENUM_CONVERSION = YES;
				CLANG_WARN_INT_CONVERSION = YES;
				CLANG_WARN_OBJC_ROOT_CLASS = YES_ERROR;
				CLANG_WARN_UNREACHABLE_CODE = YES;
				CLANG_WARN__DUPLICATE_METHOD_MATCH = YES;
				"CODE_SIGN_IDENTITY[sdk=iphoneos*]" = "iPhone Developer";
				COPY_PHASE_STRIP = NO;
				DEBUG_INFORMATION_FORMAT = "dwarf-with-dsym";
				ENABLE_STRICT_OBJC_MSGSEND = YES;
				GCC_C_LANGUAGE_STANDARD = gnu99;
				GCC_DYNAMIC_NO_PIC = NO;
				GCC_NO_COMMON_BLOCKS = YES;
				GCC_OPTIMIZATION_LEVEL = 0;
				GCC_PREPROCESSOR_DEFINITIONS = (
					"DEBUG=1",
					"$(inherited)",
				);
				GCC_SYMBOLS_PRIVATE_EXTERN = NO;
				GCC_WARN_64_TO_32_BIT_CONVERSION = YES;
				GCC_WARN_ABOUT_RETURN_TYPE = YES_ERROR;
				GCC_WARN_UNDECLARED_SELECTOR = YES;
				GCC_WARN_UNINITIALIZED_AUTOS = YES_AGGRESSIVE;
				GCC_WARN_UNUSED_FUNCTION = YES;
				GCC_WARN_UNUSED_VARIABLE = YES;
				IPHONEOS_DEPLOYMENT_TARGET = 8.3;
				MTL_ENABLE_DEBUG_INFO = YES;
				ONLY_ACTIVE_ARCH = YES;
				SDKROOT = iphoneos;
				SWIFT_OPTIMIZATION_LEVEL = "-Onone";
				TARGETED_DEVICE_FAMILY = "1,2";
			};
			name = Debug;
		};
		0A3A69011B0E84580080CB51 /* Release */ = {
			isa = XCBuildConfiguration;
			buildSettings = {
				ALWAYS_SEARCH_USER_PATHS = NO;
				CLANG_CXX_LANGUAGE_STANDARD = "gnu++0x";
				CLANG_CXX_LIBRARY = "libc++";
				CLANG_ENABLE_MODULES = YES;
				CLANG_ENABLE_OBJC_ARC = YES;
				CLANG_WARN_BOOL_CONVERSION = YES;
				CLANG_WARN_CONSTANT_CONVERSION = YES;
				CLANG_WARN_DIRECT_OBJC_ISA_USAGE = YES_ERROR;
				CLANG_WARN_EMPTY_BODY = YES;
				CLANG_WARN_ENUM_CONVERSION = YES;
				CLANG_WARN_INT_CONVERSION = YES;
				CLANG_WARN_OBJC_ROOT_CLASS = YES_ERROR;
				CLANG_WARN_UNREACHABLE_CODE = YES;
				CLANG_WARN__DUPLICATE_METHOD_MATCH = YES;
				"CODE_SIGN_IDENTITY[sdk=iphoneos*]" = "iPhone Developer";
				COPY_PHASE_STRIP = NO;
				DEBUG_INFORMATION_FORMAT = "dwarf-with-dsym";
				ENABLE_NS_ASSERTIONS = NO;
				ENABLE_STRICT_OBJC_MSGSEND = YES;
				GCC_C_LANGUAGE_STANDARD = gnu99;
				GCC_NO_COMMON_BLOCKS = YES;
				GCC_WARN_64_TO_32_BIT_CONVERSION = YES;
				GCC_WARN_ABOUT_RETURN_TYPE = YES_ERROR;
				GCC_WARN_UNDECLARED_SELECTOR = YES;
				GCC_WARN_UNINITIALIZED_AUTOS = YES_AGGRESSIVE;
				GCC_WARN_UNUSED_FUNCTION = YES;
				GCC_WARN_UNUSED_VARIABLE = YES;
				IPHONEOS_DEPLOYMENT_TARGET = 8.3;
				MTL_ENABLE_DEBUG_INFO = NO;
				SDKROOT = iphoneos;
				TARGETED_DEVICE_FAMILY = "1,2";
				VALIDATE_PRODUCT = YES;
			};
			name = Release;
		};
		0A3A69031B0E84580080CB51 /* Debug */ = {
			isa = XCBuildConfiguration;
			buildSettings = {
				ASSETCATALOG_COMPILER_APPICON_NAME = AppIcon;
				CLANG_ENABLE_MODULES = YES;
				INFOPLIST_FILE = Swiftris/Info.plist;
				LD_RUNPATH_SEARCH_PATHS = "$(inherited) @executable_path/Frameworks";
				PRODUCT_NAME = "$(TARGET_NAME)";
				SWIFT_OBJC_BRIDGING_HEADER = "Swiftris/Swiftris-Bridging-Header.h";
				SWIFT_OPTIMIZATION_LEVEL = "-Onone";
			};
			name = Debug;
		};
		0A3A69041B0E84580080CB51 /* Release */ = {
			isa = XCBuildConfiguration;
			buildSettings = {
				ASSETCATALOG_COMPILER_APPICON_NAME = AppIcon;
				CLANG_ENABLE_MODULES = YES;
				INFOPLIST_FILE = Swiftris/Info.plist;
				LD_RUNPATH_SEARCH_PATHS = "$(inherited) @executable_path/Frameworks";
				PRODUCT_NAME = "$(TARGET_NAME)";
				SWIFT_OBJC_BRIDGING_HEADER = "Swiftris/Swiftris-Bridging-Header.h";
			};
			name = Release;
		};
		0A3A69061B0E84580080CB51 /* Debug */ = {
			isa = XCBuildConfiguration;
			buildSettings = {
				BUNDLE_LOADER = "$(TEST_HOST)";
				CLANG_ENABLE_MODULES = YES;
				FRAMEWORK_SEARCH_PATHS = (
					"$(SDKROOT)/Developer/Library/Frameworks",
					"$(inherited)",
					"$(PROJECT_DIR)",
				);
				GCC_PREPROCESSOR_DEFINITIONS = (
					"DEBUG=1",
					"$(inherited)",
				);
				INFOPLIST_FILE = SwiftrisTests/Info.plist;
				LD_RUNPATH_SEARCH_PATHS = "$(inherited) @executable_path/Frameworks @loader_path/Frameworks";
				PRODUCT_NAME = "$(TARGET_NAME)";
				SWIFT_OBJC_BRIDGING_HEADER = "SwiftrisTests/SwiftrisTests-Bridging-Header.h";
				SWIFT_OPTIMIZATION_LEVEL = "-Onone";
				TEST_HOST = "$(BUILT_PRODUCTS_DIR)/Swiftris.app/Swiftris";
			};
			name = Debug;
		};
		0A3A69071B0E84580080CB51 /* Release */ = {
			isa = XCBuildConfiguration;
			buildSettings = {
				BUNDLE_LOADER = "$(TEST_HOST)";
				CLANG_ENABLE_MODULES = YES;
				FRAMEWORK_SEARCH_PATHS = (
					"$(SDKROOT)/Developer/Library/Frameworks",
					"$(inherited)",
					"$(PROJECT_DIR)",
				);
				INFOPLIST_FILE = SwiftrisTests/Info.plist;
				LD_RUNPATH_SEARCH_PATHS = "$(inherited) @executable_path/Frameworks @loader_path/Frameworks";
				PRODUCT_NAME = "$(TARGET_NAME)";
				SWIFT_OBJC_BRIDGING_HEADER = "SwiftrisTests/SwiftrisTests-Bridging-Header.h";
				TEST_HOST = "$(BUILT_PRODUCTS_DIR)/Swiftris.app/Swiftris";
			};
			name = Release;
		};
/* End XCBuildConfiguration section */

/* Begin XCConfigurationList section */
		0A3A68DA1B0E84580080CB51 /* Build configuration list for PBXProject "Swiftris" */ = {
			isa = XCConfigurationList;
			buildConfigurations = (
				0A3A69001B0E84580080CB51 /* Debug */,
				0A3A69011B0E84580080CB51 /* Release */,
			);
			defaultConfigurationIsVisible = 0;
			defaultConfigurationName = Release;
		};
		0A3A69021B0E84580080CB51 /* Build configuration list for PBXNativeTarget "Swiftris" */ = {
			isa = XCConfigurationList;
			buildConfigurations = (
				0A3A69031B0E84580080CB51 /* Debug */,
				0A3A69041B0E84580080CB51 /* Release */,
			);
			defaultConfigurationIsVisible = 0;
		};
		0A3A69051B0E84580080CB51 /* Build configuration list for PBXNativeTarget "SwiftrisTests" */ = {
			isa = XCConfigurationList;
			buildConfigurations = (
				0A3A69061B0E84580080CB51 /* Debug */,
				0A3A69071B0E84580080CB51 /* Release */,
			);
			defaultConfigurationIsVisible = 0;
		};
/* End XCConfigurationList section */
	};
	rootObject = 0A3A68D71B0E84580080CB51 /* Project object */;
}
