// !$*UTF8*$!
{
	archiveVersion = 1;
	classes = {
	};
	objectVersion = 46;
	objects = {

/* Begin PBXBuildFile section */
		0A38FFD31AB9FC8600CFC09D /* Array2D.swift in Sources */ = {isa = PBXBuildFile; fileRef = 0A38FFD21AB9FC8600CFC09D /* Array2D.swift */; };
		0A6AFAF61ABE14C1000D17B2 /* Shape.swift in Sources */ = {isa = PBXBuildFile; fileRef = 0A6AFAF51ABE14C1000D17B2 /* Shape.swift */; };
		0A6AFAF81ABE1BB5000D17B2 /* SquareShape.swift in Sources */ = {isa = PBXBuildFile; fileRef = 0A6AFAF71ABE1BB5000D17B2 /* SquareShape.swift */; };
		0A6AFAFA1ABE1BE4000D17B2 /* TShape.swift in Sources */ = {isa = PBXBuildFile; fileRef = 0A6AFAF91ABE1BE4000D17B2 /* TShape.swift */; };
		0A6AFAFC1ABE1BF8000D17B2 /* LineShape.swift in Sources */ = {isa = PBXBuildFile; fileRef = 0A6AFAFB1ABE1BF8000D17B2 /* LineShape.swift */; };
		0A6AFAFE1ABE1C06000D17B2 /* SShape.swift in Sources */ = {isa = PBXBuildFile; fileRef = 0A6AFAFD1ABE1C06000D17B2 /* SShape.swift */; };
		0A6AFB001ABE1C20000D17B2 /* ZShape.swift in Sources */ = {isa = PBXBuildFile; fileRef = 0A6AFAFF1ABE1C20000D17B2 /* ZShape.swift */; };
		0A6AFB021ABE1C2E000D17B2 /* LShape.swift in Sources */ = {isa = PBXBuildFile; fileRef = 0A6AFB011ABE1C2E000D17B2 /* LShape.swift */; };
		0A6AFB041ABE1C41000D17B2 /* JShape.swift in Sources */ = {isa = PBXBuildFile; fileRef = 0A6AFB031ABE1C41000D17B2 /* JShape.swift */; };
		0A87059C1AB8E61200BF12FA /* AppDelegate.swift in Sources */ = {isa = PBXBuildFile; fileRef = 0A87059B1AB8E61200BF12FA /* AppDelegate.swift */; };
		0A8705A01AB8E61200BF12FA /* GameScene.swift in Sources */ = {isa = PBXBuildFile; fileRef = 0A87059F1AB8E61200BF12FA /* GameScene.swift */; };
		0A8705A21AB8E61200BF12FA /* GameViewController.swift in Sources */ = {isa = PBXBuildFile; fileRef = 0A8705A11AB8E61200BF12FA /* GameViewController.swift */; };
		0A8705A51AB8E61200BF12FA /* Main.storyboard in Resources */ = {isa = PBXBuildFile; fileRef = 0A8705A31AB8E61200BF12FA /* Main.storyboard */; };
		0A8705A71AB8E61200BF12FA /* Images.xcassets in Resources */ = {isa = PBXBuildFile; fileRef = 0A8705A61AB8E61200BF12FA /* Images.xcassets */; };
		0A8705AA1AB8E61200BF12FA /* LaunchScreen.xib in Resources */ = {isa = PBXBuildFile; fileRef = 0A8705A81AB8E61200BF12FA /* LaunchScreen.xib */; };
		0A8705B61AB8E61200BF12FA /* SwiftrisTests.swift in Sources */ = {isa = PBXBuildFile; fileRef = 0A8705B51AB8E61200BF12FA /* SwiftrisTests.swift */; };
		0A8705C51AB8E9BD00BF12FA /* bomb.mp3 in Resources */ = {isa = PBXBuildFile; fileRef = 0A8705C01AB8E9BD00BF12FA /* bomb.mp3 */; };
		0A8705C61AB8E9BD00BF12FA /* drop.mp3 in Resources */ = {isa = PBXBuildFile; fileRef = 0A8705C11AB8E9BD00BF12FA /* drop.mp3 */; };
		0A8705C71AB8E9BD00BF12FA /* gameover.mp3 in Resources */ = {isa = PBXBuildFile; fileRef = 0A8705C21AB8E9BD00BF12FA /* gameover.mp3 */; };
		0A8705C81AB8E9BD00BF12FA /* levelup.mp3 in Resources */ = {isa = PBXBuildFile; fileRef = 0A8705C31AB8E9BD00BF12FA /* levelup.mp3 */; };
		0A8705C91AB8E9BD00BF12FA /* theme.mp3 in Resources */ = {isa = PBXBuildFile; fileRef = 0A8705C41AB8E9BD00BF12FA /* theme.mp3 */; };
		0A8705CB1AB8E9EF00BF12FA /* Sprites.atlas in Resources */ = {isa = PBXBuildFile; fileRef = 0A8705CA1AB8E9EF00BF12FA /* Sprites.atlas */; };
		0A8705D21AB8EA5C00BF12FA /* background.png in Resources */ = {isa = PBXBuildFile; fileRef = 0A8705CC1AB8EA5C00BF12FA /* background.png */; };
		0A8705D31AB8EA5C00BF12FA /* background@2x.png in Resources */ = {isa = PBXBuildFile; fileRef = 0A8705CD1AB8EA5C00BF12FA /* background@2x.png */; };
		0A8705D41AB8EA5C00BF12FA /* gameboard.png in Resources */ = {isa = PBXBuildFile; fileRef = 0A8705CE1AB8EA5C00BF12FA /* gameboard.png */; };
		0A8705D51AB8EA5C00BF12FA /* gameboard@2x.png in Resources */ = {isa = PBXBuildFile; fileRef = 0A8705CF1AB8EA5C00BF12FA /* gameboard@2x.png */; };
		0A8705D61AB8EA5C00BF12FA /* whitebg.png in Resources */ = {isa = PBXBuildFile; fileRef = 0A8705D01AB8EA5C00BF12FA /* whitebg.png */; };
		0A8705D71AB8EA5C00BF12FA /* whitebg@2x.png in Resources */ = {isa = PBXBuildFile; fileRef = 0A8705D11AB8EA5C00BF12FA /* whitebg@2x.png */; };
		0AFD4FC61ABC94A100AE5EDD /* block.swift in Sources */ = {isa = PBXBuildFile; fileRef = 0AFD4FC51ABC94A100AE5EDD /* block.swift */; };
/* End PBXBuildFile section */

/* Begin PBXContainerItemProxy section */
		0A8705B01AB8E61200BF12FA /* PBXContainerItemProxy */ = {
			isa = PBXContainerItemProxy;
			containerPortal = 0A87058E1AB8E61200BF12FA /* Project object */;
			proxyType = 1;
			remoteGlobalIDString = 0A8705951AB8E61200BF12FA;
			remoteInfo = Swiftris;
		};
/* End PBXContainerItemProxy section */

/* Begin PBXFileReference section */
		0A38FFD21AB9FC8600CFC09D /* Array2D.swift */ = {isa = PBXFileReference; fileEncoding = 4; lastKnownFileType = sourcecode.swift; path = Array2D.swift; sourceTree = "<group>"; };
		0A6AFAF51ABE14C1000D17B2 /* Shape.swift */ = {isa = PBXFileReference; fileEncoding = 4; lastKnownFileType = sourcecode.swift; path = Shape.swift; sourceTree = "<group>"; };
		0A6AFAF71ABE1BB5000D17B2 /* SquareShape.swift */ = {isa = PBXFileReference; fileEncoding = 4; lastKnownFileType = sourcecode.swift; path = SquareShape.swift; sourceTree = "<group>"; };
		0A6AFAF91ABE1BE4000D17B2 /* TShape.swift */ = {isa = PBXFileReference; fileEncoding = 4; lastKnownFileType = sourcecode.swift; path = TShape.swift; sourceTree = "<group>"; };
		0A6AFAFB1ABE1BF8000D17B2 /* LineShape.swift */ = {isa = PBXFileReference; fileEncoding = 4; lastKnownFileType = sourcecode.swift; path = LineShape.swift; sourceTree = "<group>"; };
		0A6AFAFD1ABE1C06000D17B2 /* SShape.swift */ = {isa = PBXFileReference; fileEncoding = 4; lastKnownFileType = sourcecode.swift; path = SShape.swift; sourceTree = "<group>"; };
		0A6AFAFF1ABE1C20000D17B2 /* ZShape.swift */ = {isa = PBXFileReference; fileEncoding = 4; lastKnownFileType = sourcecode.swift; path = ZShape.swift; sourceTree = "<group>"; };
		0A6AFB011ABE1C2E000D17B2 /* LShape.swift */ = {isa = PBXFileReference; fileEncoding = 4; lastKnownFileType = sourcecode.swift; path = LShape.swift; sourceTree = "<group>"; };
		0A6AFB031ABE1C41000D17B2 /* JShape.swift */ = {isa = PBXFileReference; fileEncoding = 4; lastKnownFileType = sourcecode.swift; path = JShape.swift; sourceTree = "<group>"; };
		0A8705961AB8E61200BF12FA /* Swiftris.app */ = {isa = PBXFileReference; explicitFileType = wrapper.application; includeInIndex = 0; path = Swiftris.app; sourceTree = BUILT_PRODUCTS_DIR; };
		0A87059A1AB8E61200BF12FA /* Info.plist */ = {isa = PBXFileReference; lastKnownFileType = text.plist.xml; path = Info.plist; sourceTree = "<group>"; };
		0A87059B1AB8E61200BF12FA /* AppDelegate.swift */ = {isa = PBXFileReference; lastKnownFileType = sourcecode.swift; path = AppDelegate.swift; sourceTree = "<group>"; };
		0A87059F1AB8E61200BF12FA /* GameScene.swift */ = {isa = PBXFileReference; lastKnownFileType = sourcecode.swift; path = GameScene.swift; sourceTree = "<group>"; };
		0A8705A11AB8E61200BF12FA /* GameViewController.swift */ = {isa = PBXFileReference; lastKnownFileType = sourcecode.swift; path = GameViewController.swift; sourceTree = "<group>"; };
		0A8705A41AB8E61200BF12FA /* Base */ = {isa = PBXFileReference; lastKnownFileType = file.storyboard; name = Base; path = Base.lproj/Main.storyboard; sourceTree = "<group>"; };
		0A8705A61AB8E61200BF12FA /* Images.xcassets */ = {isa = PBXFileReference; lastKnownFileType = folder.assetcatalog; path = Images.xcassets; sourceTree = "<group>"; };
		0A8705A91AB8E61200BF12FA /* Base */ = {isa = PBXFileReference; lastKnownFileType = file.xib; name = Base; path = Base.lproj/LaunchScreen.xib; sourceTree = "<group>"; };
		0A8705AF1AB8E61200BF12FA /* SwiftrisTests.xctest */ = {isa = PBXFileReference; explicitFileType = wrapper.cfbundle; includeInIndex = 0; path = SwiftrisTests.xctest; sourceTree = BUILT_PRODUCTS_DIR; };
		0A8705B41AB8E61200BF12FA /* Info.plist */ = {isa = PBXFileReference; lastKnownFileType = text.plist.xml; path = Info.plist; sourceTree = "<group>"; };
		0A8705B51AB8E61200BF12FA /* SwiftrisTests.swift */ = {isa = PBXFileReference; lastKnownFileType = sourcecode.swift; path = SwiftrisTests.swift; sourceTree = "<group>"; };
		0A8705C01AB8E9BD00BF12FA /* bomb.mp3 */ = {isa = PBXFileReference; lastKnownFileType = audio.mp3; path = bomb.mp3; sourceTree = "<group>"; };
		0A8705C11AB8E9BD00BF12FA /* drop.mp3 */ = {isa = PBXFileReference; lastKnownFileType = audio.mp3; path = drop.mp3; sourceTree = "<group>"; };
		0A8705C21AB8E9BD00BF12FA /* gameover.mp3 */ = {isa = PBXFileReference; lastKnownFileType = audio.mp3; path = gameover.mp3; sourceTree = "<group>"; };
		0A8705C31AB8E9BD00BF12FA /* levelup.mp3 */ = {isa = PBXFileReference; lastKnownFileType = audio.mp3; path = levelup.mp3; sourceTree = "<group>"; };
		0A8705C41AB8E9BD00BF12FA /* theme.mp3 */ = {isa = PBXFileReference; lastKnownFileType = audio.mp3; path = theme.mp3; sourceTree = "<group>"; };
		0A8705CA1AB8E9EF00BF12FA /* Sprites.atlas */ = {isa = PBXFileReference; lastKnownFileType = folder.skatlas; path = Sprites.atlas; sourceTree = "<group>"; };
		0A8705CC1AB8EA5C00BF12FA /* background.png */ = {isa = PBXFileReference; lastKnownFileType = image.png; path = background.png; sourceTree = "<group>"; };
		0A8705CD1AB8EA5C00BF12FA /* background@2x.png */ = {isa = PBXFileReference; lastKnownFileType = image.png; path = "background@2x.png"; sourceTree = "<group>"; };
		0A8705CE1AB8EA5C00BF12FA /* gameboard.png */ = {isa = PBXFileReference; lastKnownFileType = image.png; path = gameboard.png; sourceTree = "<group>"; };
		0A8705CF1AB8EA5C00BF12FA /* gameboard@2x.png */ = {isa = PBXFileReference; lastKnownFileType = image.png; path = "gameboard@2x.png"; sourceTree = "<group>"; };
		0A8705D01AB8EA5C00BF12FA /* whitebg.png */ = {isa = PBXFileReference; lastKnownFileType = image.png; path = whitebg.png; sourceTree = "<group>"; };
		0A8705D11AB8EA5C00BF12FA /* whitebg@2x.png */ = {isa = PBXFileReference; lastKnownFileType = image.png; path = "whitebg@2x.png"; sourceTree = "<group>"; };
		0AFD4FC51ABC94A100AE5EDD /* block.swift */ = {isa = PBXFileReference; fileEncoding = 4; lastKnownFileType = sourcecode.swift; path = block.swift; sourceTree = "<group>"; };
/* End PBXFileReference section */

/* Begin PBXFrameworksBuildPhase section */
		0A8705931AB8E61200BF12FA /* Frameworks */ = {
			isa = PBXFrameworksBuildPhase;
			buildActionMask = 2147483647;
			files = (
			);
			runOnlyForDeploymentPostprocessing = 0;
		};
		0A8705AC1AB8E61200BF12FA /* Frameworks */ = {
			isa = PBXFrameworksBuildPhase;
			buildActionMask = 2147483647;
			files = (
			);
			runOnlyForDeploymentPostprocessing = 0;
		};
/* End PBXFrameworksBuildPhase section */

/* Begin PBXGroup section */
		0A87058D1AB8E61200BF12FA = {
			isa = PBXGroup;
			children = (
				0A8705981AB8E61200BF12FA /* Swiftris */,
				0A8705B21AB8E61200BF12FA /* SwiftrisTests */,
				0A8705971AB8E61200BF12FA /* Products */,
			);
			sourceTree = "<group>";
		};
		0A8705971AB8E61200BF12FA /* Products */ = {
			isa = PBXGroup;
			children = (
				0A8705961AB8E61200BF12FA /* Swiftris.app */,
				0A8705AF1AB8E61200BF12FA /* SwiftrisTests.xctest */,
			);
			name = Products;
			sourceTree = "<group>";
		};
		0A8705981AB8E61200BF12FA /* Swiftris */ = {
			isa = PBXGroup;
			children = (
				0A87059B1AB8E61200BF12FA /* AppDelegate.swift */,
				0A87059F1AB8E61200BF12FA /* GameScene.swift */,
				0A8705A11AB8E61200BF12FA /* GameViewController.swift */,
				0A8705A31AB8E61200BF12FA /* Main.storyboard */,
				0A8705A61AB8E61200BF12FA /* Images.xcassets */,
				0A8705A81AB8E61200BF12FA /* LaunchScreen.xib */,
				0A8705CA1AB8E9EF00BF12FA /* Sprites.atlas */,
				0A8705BF1AB8E9BD00BF12FA /* Sounds */,
				0A8705991AB8E61200BF12FA /* Supporting Files */,
				0A38FFD21AB9FC8600CFC09D /* Array2D.swift */,
				0AFD4FC51ABC94A100AE5EDD /* block.swift */,
				0A6AFAF51ABE14C1000D17B2 /* Shape.swift */,
				0A6AFB031ABE1C41000D17B2 /* JShape.swift */,
				0A6AFB011ABE1C2E000D17B2 /* LShape.swift */,
				0A6AFAFF1ABE1C20000D17B2 /* ZShape.swift */,
				0A6AFAFD1ABE1C06000D17B2 /* SShape.swift */,
				0A6AFAFB1ABE1BF8000D17B2 /* LineShape.swift */,
				0A6AFAF91ABE1BE4000D17B2 /* TShape.swift */,
				0A6AFAF71ABE1BB5000D17B2 /* SquareShape.swift */,
			);
			path = Swiftris;
			sourceTree = "<group>";
		};
		0A8705991AB8E61200BF12FA /* Supporting Files */ = {
			isa = PBXGroup;
			children = (
				0A8705CC1AB8EA5C00BF12FA /* background.png */,
				0A8705CD1AB8EA5C00BF12FA /* background@2x.png */,
				0A8705CE1AB8EA5C00BF12FA /* gameboard.png */,
				0A8705CF1AB8EA5C00BF12FA /* gameboard@2x.png */,
				0A8705D01AB8EA5C00BF12FA /* whitebg.png */,
				0A8705D11AB8EA5C00BF12FA /* whitebg@2x.png */,
				0A87059A1AB8E61200BF12FA /* Info.plist */,
			);
			name = "Supporting Files";
			sourceTree = "<group>";
		};
		0A8705B21AB8E61200BF12FA /* SwiftrisTests */ = {
			isa = PBXGroup;
			children = (
				0A8705B51AB8E61200BF12FA /* SwiftrisTests.swift */,
				0A8705B31AB8E61200BF12FA /* Supporting Files */,
			);
			path = SwiftrisTests;
			sourceTree = "<group>";
		};
		0A8705B31AB8E61200BF12FA /* Supporting Files */ = {
			isa = PBXGroup;
			children = (
				0A8705B41AB8E61200BF12FA /* Info.plist */,
			);
			name = "Supporting Files";
			sourceTree = "<group>";
		};
		0A8705BF1AB8E9BD00BF12FA /* Sounds */ = {
			isa = PBXGroup;
			children = (
				0A8705C01AB8E9BD00BF12FA /* bomb.mp3 */,
				0A8705C11AB8E9BD00BF12FA /* drop.mp3 */,
				0A8705C21AB8E9BD00BF12FA /* gameover.mp3 */,
				0A8705C31AB8E9BD00BF12FA /* levelup.mp3 */,
				0A8705C41AB8E9BD00BF12FA /* theme.mp3 */,
			);
			path = Sounds;
			sourceTree = "<group>";
		};
/* End PBXGroup section */

/* Begin PBXNativeTarget section */
		0A8705951AB8E61200BF12FA /* Swiftris */ = {
			isa = PBXNativeTarget;
			buildConfigurationList = 0A8705B91AB8E61200BF12FA /* Build configuration list for PBXNativeTarget "Swiftris" */;
			buildPhases = (
				0A8705921AB8E61200BF12FA /* Sources */,
				0A8705931AB8E61200BF12FA /* Frameworks */,
				0A8705941AB8E61200BF12FA /* Resources */,
			);
			buildRules = (
			);
			dependencies = (
			);
			name = Swiftris;
			productName = Swiftris;
			productReference = 0A8705961AB8E61200BF12FA /* Swiftris.app */;
			productType = "com.apple.product-type.application";
		};
		0A8705AE1AB8E61200BF12FA /* SwiftrisTests */ = {
			isa = PBXNativeTarget;
			buildConfigurationList = 0A8705BC1AB8E61200BF12FA /* Build configuration list for PBXNativeTarget "SwiftrisTests" */;
			buildPhases = (
				0A8705AB1AB8E61200BF12FA /* Sources */,
				0A8705AC1AB8E61200BF12FA /* Frameworks */,
				0A8705AD1AB8E61200BF12FA /* Resources */,
			);
			buildRules = (
			);
			dependencies = (
				0A8705B11AB8E61200BF12FA /* PBXTargetDependency */,
			);
			name = SwiftrisTests;
			productName = SwiftrisTests;
			productReference = 0A8705AF1AB8E61200BF12FA /* SwiftrisTests.xctest */;
			productType = "com.apple.product-type.bundle.unit-test";
		};
/* End PBXNativeTarget section */

/* Begin PBXProject section */
		0A87058E1AB8E61200BF12FA /* Project object */ = {
			isa = PBXProject;
			attributes = {
				LastUpgradeCheck = 0610;
				ORGANIZATIONNAME = Bloc;
				TargetAttributes = {
					0A8705951AB8E61200BF12FA = {
						CreatedOnToolsVersion = 6.1.1;
					};
					0A8705AE1AB8E61200BF12FA = {
						CreatedOnToolsVersion = 6.1.1;
						TestTargetID = 0A8705951AB8E61200BF12FA;
					};
				};
			};
			buildConfigurationList = 0A8705911AB8E61200BF12FA /* Build configuration list for PBXProject "Swiftris" */;
			compatibilityVersion = "Xcode 3.2";
			developmentRegion = English;
			hasScannedForEncodings = 0;
			knownRegions = (
				en,
				Base,
			);
			mainGroup = 0A87058D1AB8E61200BF12FA;
			productRefGroup = 0A8705971AB8E61200BF12FA /* Products */;
			projectDirPath = "";
			projectRoot = "";
			targets = (
				0A8705951AB8E61200BF12FA /* Swiftris */,
				0A8705AE1AB8E61200BF12FA /* SwiftrisTests */,
			);
		};
/* End PBXProject section */

/* Begin PBXResourcesBuildPhase section */
		0A8705941AB8E61200BF12FA /* Resources */ = {
			isa = PBXResourcesBuildPhase;
			buildActionMask = 2147483647;
			files = (
				0A8705AA1AB8E61200BF12FA /* LaunchScreen.xib in Resources */,
				0A8705D31AB8EA5C00BF12FA /* background@2x.png in Resources */,
				0A8705D61AB8EA5C00BF12FA /* whitebg.png in Resources */,
				0A8705D51AB8EA5C00BF12FA /* gameboard@2x.png in Resources */,
				0A8705D41AB8EA5C00BF12FA /* gameboard.png in Resources */,
				0A8705D21AB8EA5C00BF12FA /* background.png in Resources */,
				0A8705C61AB8E9BD00BF12FA /* drop.mp3 in Resources */,
				0A8705D71AB8EA5C00BF12FA /* whitebg@2x.png in Resources */,
				0A8705C91AB8E9BD00BF12FA /* theme.mp3 in Resources */,
				0A8705C71AB8E9BD00BF12FA /* gameover.mp3 in Resources */,
				0A8705A71AB8E61200BF12FA /* Images.xcassets in Resources */,
				0A8705C81AB8E9BD00BF12FA /* levelup.mp3 in Resources */,
				0A8705CB1AB8E9EF00BF12FA /* Sprites.atlas in Resources */,
				0A8705C51AB8E9BD00BF12FA /* bomb.mp3 in Resources */,
				0A8705A51AB8E61200BF12FA /* Main.storyboard in Resources */,
			);
			runOnlyForDeploymentPostprocessing = 0;
		};
		0A8705AD1AB8E61200BF12FA /* Resources */ = {
			isa = PBXResourcesBuildPhase;
			buildActionMask = 2147483647;
			files = (
			);
			runOnlyForDeploymentPostprocessing = 0;
		};
/* End PBXResourcesBuildPhase section */

/* Begin PBXSourcesBuildPhase section */
		0A8705921AB8E61200BF12FA /* Sources */ = {
			isa = PBXSourcesBuildPhase;
			buildActionMask = 2147483647;
			files = (
				0A6AFAF81ABE1BB5000D17B2 /* SquareShape.swift in Sources */,
				0A8705A01AB8E61200BF12FA /* GameScene.swift in Sources */,
				0A6AFAF61ABE14C1000D17B2 /* Shape.swift in Sources */,
				0AFD4FC61ABC94A100AE5EDD /* block.swift in Sources */,
				0A6AFAFC1ABE1BF8000D17B2 /* LineShape.swift in Sources */,
				0A6AFAFE1ABE1C06000D17B2 /* SShape.swift in Sources */,
				0A6AFAFA1ABE1BE4000D17B2 /* TShape.swift in Sources */,
				0A38FFD31AB9FC8600CFC09D /* Array2D.swift in Sources */,
				0A6AFB021ABE1C2E000D17B2 /* LShape.swift in Sources */,
				0A6AFB001ABE1C20000D17B2 /* ZShape.swift in Sources */,
				0A8705A21AB8E61200BF12FA /* GameViewController.swift in Sources */,
				0A6AFB041ABE1C41000D17B2 /* JShape.swift in Sources */,
				0A87059C1AB8E61200BF12FA /* AppDelegate.swift in Sources */,
			);
			runOnlyForDeploymentPostprocessing = 0;
		};
		0A8705AB1AB8E61200BF12FA /* Sources */ = {
			isa = PBXSourcesBuildPhase;
			buildActionMask = 2147483647;
			files = (
				0A8705B61AB8E61200BF12FA /* SwiftrisTests.swift in Sources */,
			);
			runOnlyForDeploymentPostprocessing = 0;
		};
/* End PBXSourcesBuildPhase section */

/* Begin PBXTargetDependency section */
		0A8705B11AB8E61200BF12FA /* PBXTargetDependency */ = {
			isa = PBXTargetDependency;
			target = 0A8705951AB8E61200BF12FA /* Swiftris */;
			targetProxy = 0A8705B01AB8E61200BF12FA /* PBXContainerItemProxy */;
		};
/* End PBXTargetDependency section */

/* Begin PBXVariantGroup section */
		0A8705A31AB8E61200BF12FA /* Main.storyboard */ = {
			isa = PBXVariantGroup;
			children = (
				0A8705A41AB8E61200BF12FA /* Base */,
			);
			name = Main.storyboard;
			sourceTree = "<group>";
		};
		0A8705A81AB8E61200BF12FA /* LaunchScreen.xib */ = {
			isa = PBXVariantGroup;
			children = (
				0A8705A91AB8E61200BF12FA /* Base */,
			);
			name = LaunchScreen.xib;
			sourceTree = "<group>";
		};
/* End PBXVariantGroup section */

/* Begin XCBuildConfiguration section */
		0A8705B71AB8E61200BF12FA /* Debug */ = {
			isa = XCBuildConfiguration;
			buildSettings = {
				ALWAYS_SEARCH_USER_PATHS = NO;
				CLANG_CXX_LANGUAGE_STANDARD = "gnu++0x";
				CLANG_CXX_LIBRARY = "libc++";
				CLANG_ENABLE_MODULES = YES;
				CLANG_ENABLE_OBJC_ARC = YES;
				CLANG_WARN_BOOL_CONVERSION = YES;
				CLANG_WARN_CONSTANT_CONVERSION = YES;
				CLANG_WARN_DIRECT_OBJC_ISA_USAGE = YES_ERROR;
				CLANG_WARN_EMPTY_BODY = YES;
				CLANG_WARN_ENUM_CONVERSION = YES;
				CLANG_WARN_INT_CONVERSION = YES;
				CLANG_WARN_OBJC_ROOT_CLASS = YES_ERROR;
				CLANG_WARN_UNREACHABLE_CODE = YES;
				CLANG_WARN__DUPLICATE_METHOD_MATCH = YES;
				"CODE_SIGN_IDENTITY[sdk=iphoneos*]" = "iPhone Developer";
				COPY_PHASE_STRIP = NO;
				ENABLE_STRICT_OBJC_MSGSEND = YES;
				GCC_C_LANGUAGE_STANDARD = gnu99;
				GCC_DYNAMIC_NO_PIC = NO;
				GCC_OPTIMIZATION_LEVEL = 0;
				GCC_PREPROCESSOR_DEFINITIONS = (
					"DEBUG=1",
					"$(inherited)",
				);
				GCC_SYMBOLS_PRIVATE_EXTERN = NO;
				GCC_WARN_64_TO_32_BIT_CONVERSION = YES;
				GCC_WARN_ABOUT_RETURN_TYPE = YES_ERROR;
				GCC_WARN_UNDECLARED_SELECTOR = YES;
				GCC_WARN_UNINITIALIZED_AUTOS = YES_AGGRESSIVE;
				GCC_WARN_UNUSED_FUNCTION = YES;
				GCC_WARN_UNUSED_VARIABLE = YES;
				IPHONEOS_DEPLOYMENT_TARGET = 8.1;
				MTL_ENABLE_DEBUG_INFO = YES;
				ONLY_ACTIVE_ARCH = YES;
				SDKROOT = iphoneos;
				SWIFT_OPTIMIZATION_LEVEL = "-Onone";
			};
			name = Debug;
		};
		0A8705B81AB8E61200BF12FA /* Release */ = {
			isa = XCBuildConfiguration;
			buildSettings = {
				ALWAYS_SEARCH_USER_PATHS = NO;
				CLANG_CXX_LANGUAGE_STANDARD = "gnu++0x";
				CLANG_CXX_LIBRARY = "libc++";
				CLANG_ENABLE_MODULES = YES;
				CLANG_ENABLE_OBJC_ARC = YES;
				CLANG_WARN_BOOL_CONVERSION = YES;
				CLANG_WARN_CONSTANT_CONVERSION = YES;
				CLANG_WARN_DIRECT_OBJC_ISA_USAGE = YES_ERROR;
				CLANG_WARN_EMPTY_BODY = YES;
				CLANG_WARN_ENUM_CONVERSION = YES;
				CLANG_WARN_INT_CONVERSION = YES;
				CLANG_WARN_OBJC_ROOT_CLASS = YES_ERROR;
				CLANG_WARN_UNREACHABLE_CODE = YES;
				CLANG_WARN__DUPLICATE_METHOD_MATCH = YES;
				"CODE_SIGN_IDENTITY[sdk=iphoneos*]" = "iPhone Developer";
				COPY_PHASE_STRIP = YES;
				ENABLE_NS_ASSERTIONS = NO;
				ENABLE_STRICT_OBJC_MSGSEND = YES;
				GCC_C_LANGUAGE_STANDARD = gnu99;
				GCC_WARN_64_TO_32_BIT_CONVERSION = YES;
				GCC_WARN_ABOUT_RETURN_TYPE = YES_ERROR;
				GCC_WARN_UNDECLARED_SELECTOR = YES;
				GCC_WARN_UNINITIALIZED_AUTOS = YES_AGGRESSIVE;
				GCC_WARN_UNUSED_FUNCTION = YES;
				GCC_WARN_UNUSED_VARIABLE = YES;
				IPHONEOS_DEPLOYMENT_TARGET = 8.1;
				MTL_ENABLE_DEBUG_INFO = NO;
				SDKROOT = iphoneos;
				VALIDATE_PRODUCT = YES;
			};
			name = Release;
		};
		0A8705BA1AB8E61200BF12FA /* Debug */ = {
			isa = XCBuildConfiguration;
			buildSettings = {
				ASSETCATALOG_COMPILER_APPICON_NAME = AppIcon;
				INFOPLIST_FILE = Swiftris/Info.plist;
				LD_RUNPATH_SEARCH_PATHS = "$(inherited) @executable_path/Frameworks";
				PRODUCT_NAME = "$(TARGET_NAME)";
			};
			name = Debug;
		};
		0A8705BB1AB8E61200BF12FA /* Release */ = {
			isa = XCBuildConfiguration;
			buildSettings = {
				ASSETCATALOG_COMPILER_APPICON_NAME = AppIcon;
				INFOPLIST_FILE = Swiftris/Info.plist;
				LD_RUNPATH_SEARCH_PATHS = "$(inherited) @executable_path/Frameworks";
				PRODUCT_NAME = "$(TARGET_NAME)";
			};
			name = Release;
		};
		0A8705BD1AB8E61200BF12FA /* Debug */ = {
			isa = XCBuildConfiguration;
			buildSettings = {
				BUNDLE_LOADER = "$(TEST_HOST)";
				FRAMEWORK_SEARCH_PATHS = (
					"$(SDKROOT)/Developer/Library/Frameworks",
					"$(inherited)",
				);
				GCC_PREPROCESSOR_DEFINITIONS = (
					"DEBUG=1",
					"$(inherited)",
				);
				INFOPLIST_FILE = SwiftrisTests/Info.plist;
				LD_RUNPATH_SEARCH_PATHS = "$(inherited) @executable_path/Frameworks @loader_path/Frameworks";
				PRODUCT_NAME = "$(TARGET_NAME)";
				TEST_HOST = "$(BUILT_PRODUCTS_DIR)/Swiftris.app/Swiftris";
			};
			name = Debug;
		};
		0A8705BE1AB8E61200BF12FA /* Release */ = {
			isa = XCBuildConfiguration;
			buildSettings = {
				BUNDLE_LOADER = "$(TEST_HOST)";
				FRAMEWORK_SEARCH_PATHS = (
					"$(SDKROOT)/Developer/Library/Frameworks",
					"$(inherited)",
				);
				INFOPLIST_FILE = SwiftrisTests/Info.plist;
				LD_RUNPATH_SEARCH_PATHS = "$(inherited) @executable_path/Frameworks @loader_path/Frameworks";
				PRODUCT_NAME = "$(TARGET_NAME)";
				TEST_HOST = "$(BUILT_PRODUCTS_DIR)/Swiftris.app/Swiftris";
			};
			name = Release;
		};
/* End XCBuildConfiguration section */

/* Begin XCConfigurationList section */
		0A8705911AB8E61200BF12FA /* Build configuration list for PBXProject "Swiftris" */ = {
			isa = XCConfigurationList;
			buildConfigurations = (
				0A8705B71AB8E61200BF12FA /* Debug */,
				0A8705B81AB8E61200BF12FA /* Release */,
			);
			defaultConfigurationIsVisible = 0;
			defaultConfigurationName = Release;
		};
		0A8705B91AB8E61200BF12FA /* Build configuration list for PBXNativeTarget "Swiftris" */ = {
			isa = XCConfigurationList;
			buildConfigurations = (
				0A8705BA1AB8E61200BF12FA /* Debug */,
				0A8705BB1AB8E61200BF12FA /* Release */,
			);
			defaultConfigurationIsVisible = 0;
			defaultConfigurationName = Release;
		};
		0A8705BC1AB8E61200BF12FA /* Build configuration list for PBXNativeTarget "SwiftrisTests" */ = {
			isa = XCConfigurationList;
			buildConfigurations = (
				0A8705BD1AB8E61200BF12FA /* Debug */,
				0A8705BE1AB8E61200BF12FA /* Release */,
			);
			defaultConfigurationIsVisible = 0;
			defaultConfigurationName = Release;
		};
/* End XCConfigurationList section */
	};
	rootObject = 0A87058E1AB8E61200BF12FA /* Project object */;
}
